
Microsoft Visual Studio Solution File, Format Version 12.00
# Visual Studio Version 18
VisualStudioVersion = 18.6.11822.322 stable
MinimumVisualStudioVersion = 10.0.40219.1
Project("{FAE04EC0-301F-11D3-BF4B-00C04F79EFBC}") = "FluxoDeEstoque", "FluxoDeEstoque.csproj", "{8E66D484-5587-BD88-E0AE-EC4D2CEB451F}"
EndProject
Global
	GlobalSection(SolutionConfigurationPlatforms) = preSolution
		Debug|Any CPU = Debug|Any CPU
		Release|Any CPU = Release|Any CPU
	EndGlobalSection
	GlobalSection(ProjectConfigurationPlatforms) = postSolution
		{8E66D484-5587-BD88-E0AE-EC4D2CEB451F}.Debug|Any CPU.ActiveCfg = Debug|Any CPU
		{8E66D484-5587-BD88-E0AE-EC4D2CEB451F}.Debug|Any CPU.Build.0 = Debug|Any CPU
		{8E66D484-5587-BD88-E0AE-EC4D2CEB451F}.Release|Any CPU.ActiveCfg = Release|Any CPU
		{8E66D484-5587-BD88-E0AE-EC4D2CEB451F}.Release|Any CPU.Build.0 = Release|Any CPU
	EndGlobalSection
	GlobalSection(SolutionProperties) = preSolution
		HideSolutionNode = FALSE
	EndGlobalSection
	GlobalSection(ExtensibilityGlobals) = postSolution
		SolutionGuid = {BAB8EFB7-FB12-4484-9E52-4A9E2E7ED7F0}
	EndGlobalSection
EndGlobal
